
Microsoft Visual Studio Solution File, Format Version 12.00
# Visual Studio Version 17
VisualStudioVersion = 17.2.32505.173
MinimumVisualStudioVersion = 10.0.40219.1
Project("{9A19103F-16F7-4668-BE54-9A1E7A4F7556}") = "PaulTechGuy.NetCore.TimeFilters.Tests", "PaulTechGuy.NetCore.TimeFilters.Tests\PaulTechGuy.NetCore.TimeFilters.Tests.csproj", "{38FEE00B-09DC-4784-8D2F-065089233D4F}"
EndProject
Project("{9A19103F-16F7-4668-BE54-9A1E7A4F7556}") = "PaulTechGuy.NetCore.TimeFilters", "PaulTechGuy.NetCore.TimeFilters\PaulTechGuy.NetCore.TimeFilters.csproj", "{EF5156F2-F8FD-4196-9850-1A51A9A73A87}"
EndProject
Project("{2150E333-8FDC-42A3-9474-1A3956D46DE8}") = "Solution Items", "Solution Items", "{234E1E1C-C23A-4694-B503-BFF7DEEF5913}"
	ProjectSection(SolutionItems) = preProject
		..\LICENSE.txt = ..\LICENSE.txt
		..\README.md = ..\README.md
	EndProjectSection
EndProject
Global
	GlobalSection(SolutionConfigurationPlatforms) = preSolution
		Debug|Any CPU = Debug|Any CPU
		Release|Any CPU = Release|Any CPU
	EndGlobalSection
	GlobalSection(ProjectConfigurationPlatforms) = postSolution
		{38FEE00B-09DC-4784-8D2F-065089233D4F}.Debug|Any CPU.ActiveCfg = Debug|Any CPU
		{38FEE00B-09DC-4784-8D2F-065089233D4F}.Debug|Any CPU.Build.0 = Debug|Any CPU
		{38FEE00B-09DC-4784-8D2F-065089233D4F}.Release|Any CPU.ActiveCfg = Release|Any CPU
		{38FEE00B-09DC-4784-8D2F-065089233D4F}.Release|Any CPU.Build.0 = Release|Any CPU
		{EF5156F2-F8FD-4196-9850-1A51A9A73A87}.Debug|Any CPU.ActiveCfg = Debug|Any CPU
		{EF5156F2-F8FD-4196-9850-1A51A9A73A87}.Debug|Any CPU.Build.0 = Debug|Any CPU
		{EF5156F2-F8FD-4196-9850-1A51A9A73A87}.Release|Any CPU.ActiveCfg = Release|Any CPU
		{EF5156F2-F8FD-4196-9850-1A51A9A73A87}.Release|Any CPU.Build.0 = Release|Any CPU
	EndGlobalSection
	GlobalSection(SolutionProperties) = preSolution
		HideSolutionNode = FALSE
	EndGlobalSection
	GlobalSection(ExtensibilityGlobals) = postSolution
		SolutionGuid = {C164F2F1-CE83-429C-9FBE-4B483F8886FE}
	EndGlobalSection
EndGlobal
